
Microsoft Visual Studio Solution File, Format Version 12.00
# Visual Studio Version 16
VisualStudioVersion = 16.0.29709.97
MinimumVisualStudioVersion = 10.0.40219.1
Project("{2150E333-8FDC-42A3-9474-1A3956D46DE8}") = "src", "src", "{DC38D5BB-6587-4DE0-B4A2-B059EB8B62B0}"
EndProject
Project("{2150E333-8FDC-42A3-9474-1A3956D46DE8}") = "Services", "Services", "{0C6266C6-E3C1-494F-8B36-02BE57DB94E8}"
EndProject
Project("{2150E333-8FDC-42A3-9474-1A3956D46DE8}") = "Catalog", "Catalog", "{62F3691A-74E4-491B-B098-E96EB529541F}"
EndProject
Project("{9A19103F-16F7-4668-BE54-9A1E7A4F7556}") = "Catalog.API", "Catalog.API\Catalog.API.csproj", "{C23759F8-5E55-49DC-AA92-DAAB832DBE4D}"
EndProject
Project("{9A19103F-16F7-4668-BE54-9A1E7A4F7556}") = "Catalog.Infrastructure", "Catalog.Infrastructure\Catalog.Infrastructure.csproj", "{2A27CD3C-51FD-4B74-8319-B696BE5D0783}"
EndProject
Project("{9A19103F-16F7-4668-BE54-9A1E7A4F7556}") = "Catalog.Core", "Catalog.Core\Catalog.Core.csproj", "{35813F3A-9DB5-472D-A3A1-E69784BDED7F}"
EndProject
Project("{2150E333-8FDC-42A3-9474-1A3956D46DE8}") = "Common", "Common", "{3A830946-1B4E-4814-9D41-93F27F750EC1}"
EndProject
Project("{FAE04EC0-301F-11D3-BF4B-00C04F79EFBC}") = "IntegrationEventLog", "IntegrationEventLog\IntegrationEventLog.csproj", "{843F54AB-3338-47A1-B551-37AFF6B6E62E}"
EndProject
Project("{FAE04EC0-301F-11D3-BF4B-00C04F79EFBC}") = "EventBus", "EventBus\EventBus.csproj", "{23DDB712-8F20-4B86-9AC8-80D5EDDDEF82}"
EndProject
Project("{FAE04EC0-301F-11D3-BF4B-00C04F79EFBC}") = "EvenBusRabbitQueue", "EvenBusRabbitQueue\EvenBusRabbitQueue.csproj", "{1AE68644-5BEA-46E3-96A3-145C424463FB}"
EndProject
Global
	GlobalSection(SolutionConfigurationPlatforms) = preSolution
		Debug|Any CPU = Debug|Any CPU
		Release|Any CPU = Release|Any CPU
	EndGlobalSection
	GlobalSection(ProjectConfigurationPlatforms) = postSolution
		{C23759F8-5E55-49DC-AA92-DAAB832DBE4D}.Debug|Any CPU.ActiveCfg = Debug|Any CPU
		{C23759F8-5E55-49DC-AA92-DAAB832DBE4D}.Debug|Any CPU.Build.0 = Debug|Any CPU
		{C23759F8-5E55-49DC-AA92-DAAB832DBE4D}.Release|Any CPU.ActiveCfg = Release|Any CPU
		{C23759F8-5E55-49DC-AA92-DAAB832DBE4D}.Release|Any CPU.Build.0 = Release|Any CPU
		{2A27CD3C-51FD-4B74-8319-B696BE5D0783}.Debug|Any CPU.ActiveCfg = Debug|Any CPU
		{2A27CD3C-51FD-4B74-8319-B696BE5D0783}.Debug|Any CPU.Build.0 = Debug|Any CPU
		{2A27CD3C-51FD-4B74-8319-B696BE5D0783}.Release|Any CPU.ActiveCfg = Release|Any CPU
		{2A27CD3C-51FD-4B74-8319-B696BE5D0783}.Release|Any CPU.Build.0 = Release|Any CPU
		{35813F3A-9DB5-472D-A3A1-E69784BDED7F}.Debug|Any CPU.ActiveCfg = Debug|Any CPU
		{35813F3A-9DB5-472D-A3A1-E69784BDED7F}.Debug|Any CPU.Build.0 = Debug|Any CPU
		{35813F3A-9DB5-472D-A3A1-E69784BDED7F}.Release|Any CPU.ActiveCfg = Release|Any CPU
		{35813F3A-9DB5-472D-A3A1-E69784BDED7F}.Release|Any CPU.Build.0 = Release|Any CPU
		{843F54AB-3338-47A1-B551-37AFF6B6E62E}.Debug|Any CPU.ActiveCfg = Debug|Any CPU
		{843F54AB-3338-47A1-B551-37AFF6B6E62E}.Debug|Any CPU.Build.0 = Debug|Any CPU
		{843F54AB-3338-47A1-B551-37AFF6B6E62E}.Release|Any CPU.ActiveCfg = Release|Any CPU
		{843F54AB-3338-47A1-B551-37AFF6B6E62E}.Release|Any CPU.Build.0 = Release|Any CPU
		{23DDB712-8F20-4B86-9AC8-80D5EDDDEF82}.Debug|Any CPU.ActiveCfg = Debug|Any CPU
		{23DDB712-8F20-4B86-9AC8-80D5EDDDEF82}.Debug|Any CPU.Build.0 = Debug|Any CPU
		{23DDB712-8F20-4B86-9AC8-80D5EDDDEF82}.Release|Any CPU.ActiveCfg = Release|Any CPU
		{23DDB712-8F20-4B86-9AC8-80D5EDDDEF82}.Release|Any CPU.Build.0 = Release|Any CPU
		{1AE68644-5BEA-46E3-96A3-145C424463FB}.Debug|Any CPU.ActiveCfg = Debug|Any CPU
		{1AE68644-5BEA-46E3-96A3-145C424463FB}.Debug|Any CPU.Build.0 = Debug|Any CPU
		{1AE68644-5BEA-46E3-96A3-145C424463FB}.Release|Any CPU.ActiveCfg = Release|Any CPU
		{1AE68644-5BEA-46E3-96A3-145C424463FB}.Release|Any CPU.Build.0 = Release|Any CPU
	EndGlobalSection
	GlobalSection(SolutionProperties) = preSolution
		HideSolutionNode = FALSE
	EndGlobalSection
	GlobalSection(NestedProjects) = preSolution
		{0C6266C6-E3C1-494F-8B36-02BE57DB94E8} = {DC38D5BB-6587-4DE0-B4A2-B059EB8B62B0}
		{62F3691A-74E4-491B-B098-E96EB529541F} = {0C6266C6-E3C1-494F-8B36-02BE57DB94E8}
		{C23759F8-5E55-49DC-AA92-DAAB832DBE4D} = {62F3691A-74E4-491B-B098-E96EB529541F}
		{2A27CD3C-51FD-4B74-8319-B696BE5D0783} = {62F3691A-74E4-491B-B098-E96EB529541F}
		{35813F3A-9DB5-472D-A3A1-E69784BDED7F} = {62F3691A-74E4-491B-B098-E96EB529541F}
		{3A830946-1B4E-4814-9D41-93F27F750EC1} = {DC38D5BB-6587-4DE0-B4A2-B059EB8B62B0}
		{843F54AB-3338-47A1-B551-37AFF6B6E62E} = {3A830946-1B4E-4814-9D41-93F27F750EC1}
		{23DDB712-8F20-4B86-9AC8-80D5EDDDEF82} = {3A830946-1B4E-4814-9D41-93F27F750EC1}
		{1AE68644-5BEA-46E3-96A3-145C424463FB} = {3A830946-1B4E-4814-9D41-93F27F750EC1}
	EndGlobalSection
	GlobalSection(ExtensibilityGlobals) = postSolution
		SolutionGuid = {74718DD8-1A79-4080-AF6A-9316106E6986}
	EndGlobalSection
EndGlobal
